
Microsoft Visual Studio Solution File, Format Version 12.00
# Visual Studio Version 17
VisualStudioVersion = 17.7.34009.444
MinimumVisualStudioVersion = 10.0.40219.1
Project("{FAE04EC0-301F-11D3-BF4B-00C04F79EFBC}") = "Calculator2", "Calculator2\Calculator2.csproj", "{BFA4BE74-23F8-48E3-82C6-998F0FB8965A}"
EndProject
Global
	GlobalSection(SolutionConfigurationPlatforms) = preSolution
		Debug|Any CPU = Debug|Any CPU
		Release|Any CPU = Release|Any CPU
	EndGlobalSection
	GlobalSection(ProjectConfigurationPlatforms) = postSolution
		{BFA4BE74-23F8-48E3-82C6-998F0FB8965A}.Debug|Any CPU.ActiveCfg = Debug|Any CPU
		{BFA4BE74-23F8-48E3-82C6-998F0FB8965A}.Debug|Any CPU.Build.0 = Debug|Any CPU
		{BFA4BE74-23F8-48E3-82C6-998F0FB8965A}.Release|Any CPU.ActiveCfg = Release|Any CPU
		{BFA4BE74-23F8-48E3-82C6-998F0FB8965A}.Release|Any CPU.Build.0 = Release|Any CPU
	EndGlobalSection
	GlobalSection(SolutionProperties) = preSolution
		HideSolutionNode = FALSE
	EndGlobalSection
	GlobalSection(ExtensibilityGlobals) = postSolution
		SolutionGuid = {325BDABF-C43E-4784-94EF-0FEF215E636F}
	EndGlobalSection
EndGlobal
