
Microsoft Visual Studio Solution File, Format Version 12.00
# Visual Studio Version 17
VisualStudioVersion = 17.7.34009.444
MinimumVisualStudioVersion = 10.0.40219.1
Project("{9A19103F-16F7-4668-BE54-9A1E7A4F7556}") = "String_Converter", "String_Converter\String_Converter.csproj", "{2C5A9ABF-B7E6-46F6-AC09-37D3173D05AB}"
EndProject
Project("{FAE04EC0-301F-11D3-BF4B-00C04F79EFBC}") = "String_ConverterTests", "String_ConverterTests\String_ConverterTests.csproj", "{7195708C-71C3-4CEC-B8B0-C39D4660533A}"
EndProject
Global
	GlobalSection(SolutionConfigurationPlatforms) = preSolution
		Debug|Any CPU = Debug|Any CPU
		Release|Any CPU = Release|Any CPU
	EndGlobalSection
	GlobalSection(ProjectConfigurationPlatforms) = postSolution
		{2C5A9ABF-B7E6-46F6-AC09-37D3173D05AB}.Debug|Any CPU.ActiveCfg = Debug|Any CPU
		{2C5A9ABF-B7E6-46F6-AC09-37D3173D05AB}.Debug|Any CPU.Build.0 = Debug|Any CPU
		{2C5A9ABF-B7E6-46F6-AC09-37D3173D05AB}.Release|Any CPU.ActiveCfg = Release|Any CPU
		{2C5A9ABF-B7E6-46F6-AC09-37D3173D05AB}.Release|Any CPU.Build.0 = Release|Any CPU
		{7195708C-71C3-4CEC-B8B0-C39D4660533A}.Debug|Any CPU.ActiveCfg = Debug|Any CPU
		{7195708C-71C3-4CEC-B8B0-C39D4660533A}.Debug|Any CPU.Build.0 = Debug|Any CPU
		{7195708C-71C3-4CEC-B8B0-C39D4660533A}.Release|Any CPU.ActiveCfg = Release|Any CPU
		{7195708C-71C3-4CEC-B8B0-C39D4660533A}.Release|Any CPU.Build.0 = Release|Any CPU
	EndGlobalSection
	GlobalSection(SolutionProperties) = preSolution
		HideSolutionNode = FALSE
	EndGlobalSection
	GlobalSection(ExtensibilityGlobals) = postSolution
		SolutionGuid = {1B88322A-AE51-4BA0-9E80-AA31D324A7BB}
	EndGlobalSection
EndGlobal
