
Microsoft Visual Studio Solution File, Format Version 12.00
# Visual Studio Version 17
VisualStudioVersion = 17.7.34009.444
MinimumVisualStudioVersion = 10.0.40219.1
Project("{FAE04EC0-301F-11D3-BF4B-00C04F79EFBC}") = "Exam_320", "Exam_320_DanielKiener\Exam_320.csproj", "{7481C5CF-452F-4F50-8DBE-027EF7ABBF0B}"
EndProject
Project("{FAE04EC0-301F-11D3-BF4B-00C04F79EFBC}") = "Exam_320Tests", "Exam_320Tests\Exam_320Tests.csproj", "{3EF7445E-91EC-4F67-8CFD-4973F24A036C}"
EndProject
Global
	GlobalSection(SolutionConfigurationPlatforms) = preSolution
		Debug|Any CPU = Debug|Any CPU
		Release|Any CPU = Release|Any CPU
	EndGlobalSection
	GlobalSection(ProjectConfigurationPlatforms) = postSolution
		{7481C5CF-452F-4F50-8DBE-027EF7ABBF0B}.Debug|Any CPU.ActiveCfg = Debug|Any CPU
		{7481C5CF-452F-4F50-8DBE-027EF7ABBF0B}.Debug|Any CPU.Build.0 = Debug|Any CPU
		{7481C5CF-452F-4F50-8DBE-027EF7ABBF0B}.Release|Any CPU.ActiveCfg = Release|Any CPU
		{7481C5CF-452F-4F50-8DBE-027EF7ABBF0B}.Release|Any CPU.Build.0 = Release|Any CPU
		{3EF7445E-91EC-4F67-8CFD-4973F24A036C}.Debug|Any CPU.ActiveCfg = Debug|Any CPU
		{3EF7445E-91EC-4F67-8CFD-4973F24A036C}.Debug|Any CPU.Build.0 = Debug|Any CPU
		{3EF7445E-91EC-4F67-8CFD-4973F24A036C}.Release|Any CPU.ActiveCfg = Release|Any CPU
		{3EF7445E-91EC-4F67-8CFD-4973F24A036C}.Release|Any CPU.Build.0 = Release|Any CPU
	EndGlobalSection
	GlobalSection(SolutionProperties) = preSolution
		HideSolutionNode = FALSE
	EndGlobalSection
	GlobalSection(ExtensibilityGlobals) = postSolution
		SolutionGuid = {6B9F1E5E-4F00-44B6-B179-ACEAFC52C491}
	EndGlobalSection
EndGlobal
