
Microsoft Visual Studio Solution File, Format Version 12.00
# Visual Studio Version 17
VisualStudioVersion = 17.7.34009.444
MinimumVisualStudioVersion = 10.0.40219.1
Project("{FAE04EC0-301F-11D3-BF4B-00C04F79EFBC}") = "LearnMyCalculatorApp", "LearnMyCalculatorApp\LearnMyCalculatorApp.csproj", "{629AB2C8-E40C-4144-9FA2-469F97EE5F5D}"
EndProject
Global
	GlobalSection(SolutionConfigurationPlatforms) = preSolution
		Debug|Any CPU = Debug|Any CPU
		Release|Any CPU = Release|Any CPU
	EndGlobalSection
	GlobalSection(ProjectConfigurationPlatforms) = postSolution
		{629AB2C8-E40C-4144-9FA2-469F97EE5F5D}.Debug|Any CPU.ActiveCfg = Debug|Any CPU
		{629AB2C8-E40C-4144-9FA2-469F97EE5F5D}.Debug|Any CPU.Build.0 = Debug|Any CPU
		{629AB2C8-E40C-4144-9FA2-469F97EE5F5D}.Release|Any CPU.ActiveCfg = Release|Any CPU
		{629AB2C8-E40C-4144-9FA2-469F97EE5F5D}.Release|Any CPU.Build.0 = Release|Any CPU
	EndGlobalSection
	GlobalSection(SolutionProperties) = preSolution
		HideSolutionNode = FALSE
	EndGlobalSection
	GlobalSection(ExtensibilityGlobals) = postSolution
		SolutionGuid = {9244B2BB-63C8-4572-A8AE-830828F7DF90}
	EndGlobalSection
EndGlobal
