
Microsoft Visual Studio Solution File, Format Version 12.00
# Visual Studio Version 17
VisualStudioVersion = 17.7.34009.444
MinimumVisualStudioVersion = 10.0.40219.1
Project("{FAE04EC0-301F-11D3-BF4B-00C04F79EFBC}") = "Repetition1.Lektion", "Repetition1.Lektion\Repetition1.Lektion.csproj", "{B6B8934E-D549-4A40-9A1D-A3FAAA1E49CE}"
EndProject
Global
	GlobalSection(SolutionConfigurationPlatforms) = preSolution
		Debug|Any CPU = Debug|Any CPU
		Release|Any CPU = Release|Any CPU
	EndGlobalSection
	GlobalSection(ProjectConfigurationPlatforms) = postSolution
		{B6B8934E-D549-4A40-9A1D-A3FAAA1E49CE}.Debug|Any CPU.ActiveCfg = Debug|Any CPU
		{B6B8934E-D549-4A40-9A1D-A3FAAA1E49CE}.Debug|Any CPU.Build.0 = Debug|Any CPU
		{B6B8934E-D549-4A40-9A1D-A3FAAA1E49CE}.Release|Any CPU.ActiveCfg = Release|Any CPU
		{B6B8934E-D549-4A40-9A1D-A3FAAA1E49CE}.Release|Any CPU.Build.0 = Release|Any CPU
	EndGlobalSection
	GlobalSection(SolutionProperties) = preSolution
		HideSolutionNode = FALSE
	EndGlobalSection
	GlobalSection(ExtensibilityGlobals) = postSolution
		SolutionGuid = {49CBDCF8-34C6-4449-8D3E-B7CCC81E3ECD}
	EndGlobalSection
EndGlobal
